
Microsoft Visual Studio Solution File, Format Version 12.00
# Visual Studio Version 17
VisualStudioVersion = 17.4.33122.133
MinimumVisualStudioVersion = 10.0.40219.1
Project("{FAE04EC0-301F-11D3-BF4B-00C04F79EFBC}") = "IndianStatesCensusAnalyserProblem", "IndianStatesCensusAnalyserProblem\IndianStatesCensusAnalyserProblem.csproj", "{76F0717C-13FF-42FC-BD8D-4014FC03E776}"
EndProject
Project("{FAE04EC0-301F-11D3-BF4B-00C04F79EFBC}") = "TestIndianStatesCensusAnalyser3", "TestIndianStatesCensusAnalyser3\TestIndianStatesCensusAnalyser3.csproj", "{DD800770-0C2E-4DC2-8D23-B59D00776610}"
EndProject
Global
	GlobalSection(SolutionConfigurationPlatforms) = preSolution
		Debug|Any CPU = Debug|Any CPU
		Release|Any CPU = Release|Any CPU
	EndGlobalSection
	GlobalSection(ProjectConfigurationPlatforms) = postSolution
		{76F0717C-13FF-42FC-BD8D-4014FC03E776}.Debug|Any CPU.ActiveCfg = Debug|Any CPU
		{76F0717C-13FF-42FC-BD8D-4014FC03E776}.Debug|Any CPU.Build.0 = Debug|Any CPU
		{76F0717C-13FF-42FC-BD8D-4014FC03E776}.Release|Any CPU.ActiveCfg = Release|Any CPU
		{76F0717C-13FF-42FC-BD8D-4014FC03E776}.Release|Any CPU.Build.0 = Release|Any CPU
		{DD800770-0C2E-4DC2-8D23-B59D00776610}.Debug|Any CPU.ActiveCfg = Debug|Any CPU
		{DD800770-0C2E-4DC2-8D23-B59D00776610}.Debug|Any CPU.Build.0 = Debug|Any CPU
		{DD800770-0C2E-4DC2-8D23-B59D00776610}.Release|Any CPU.ActiveCfg = Release|Any CPU
		{DD800770-0C2E-4DC2-8D23-B59D00776610}.Release|Any CPU.Build.0 = Release|Any CPU
	EndGlobalSection
	GlobalSection(SolutionProperties) = preSolution
		HideSolutionNode = FALSE
	EndGlobalSection
	GlobalSection(ExtensibilityGlobals) = postSolution
		SolutionGuid = {DB31B008-E1AE-4387-BC25-273A2E0975DE}
	EndGlobalSection
EndGlobal
